
Microsoft Visual Studio Solution File, Format Version 12.00
# Visual Studio Version 16
VisualStudioVersion = 16.0.30621.155
MinimumVisualStudioVersion = 10.0.40219.1
Project("{FAE04EC0-301F-11D3-BF4B-00C04F79EFBC}") = "Ishodi2i3", "Ishodi2i3\Ishodi2i3.csproj", "{C0E66AD8-238C-44C1-885F-138CEA6CFE28}"
EndProject
Global
	GlobalSection(SolutionConfigurationPlatforms) = preSolution
		Debug|Any CPU = Debug|Any CPU
		Release|Any CPU = Release|Any CPU
	EndGlobalSection
	GlobalSection(ProjectConfigurationPlatforms) = postSolution
		{C0E66AD8-238C-44C1-885F-138CEA6CFE28}.Debug|Any CPU.ActiveCfg = Debug|Any CPU
		{C0E66AD8-238C-44C1-885F-138CEA6CFE28}.Debug|Any CPU.Build.0 = Debug|Any CPU
		{C0E66AD8-238C-44C1-885F-138CEA6CFE28}.Release|Any CPU.ActiveCfg = Release|Any CPU
		{C0E66AD8-238C-44C1-885F-138CEA6CFE28}.Release|Any CPU.Build.0 = Release|Any CPU
	EndGlobalSection
	GlobalSection(SolutionProperties) = preSolution
		HideSolutionNode = FALSE
	EndGlobalSection
	GlobalSection(ExtensibilityGlobals) = postSolution
		SolutionGuid = {4BF23F89-B6C6-47F3-8FF1-6573904286D0}
	EndGlobalSection
EndGlobal
